
Microsoft Visual Studio Solution File, Format Version 12.00
# Visual Studio Version 17
VisualStudioVersion = 17.5.33627.172
MinimumVisualStudioVersion = 10.0.40219.1
Project("{FAE04EC0-301F-11D3-BF4B-00C04F79EFBC}") = "Enuns", "Enuns\Enuns.csproj", "{C661C29D-7A5F-4441-AE13-4096AEE12AB8}"
EndProject
Global
	GlobalSection(SolutionConfigurationPlatforms) = preSolution
		Debug|Any CPU = Debug|Any CPU
		Release|Any CPU = Release|Any CPU
	EndGlobalSection
	GlobalSection(ProjectConfigurationPlatforms) = postSolution
		{C661C29D-7A5F-4441-AE13-4096AEE12AB8}.Debug|Any CPU.ActiveCfg = Debug|Any CPU
		{C661C29D-7A5F-4441-AE13-4096AEE12AB8}.Debug|Any CPU.Build.0 = Debug|Any CPU
		{C661C29D-7A5F-4441-AE13-4096AEE12AB8}.Release|Any CPU.ActiveCfg = Release|Any CPU
		{C661C29D-7A5F-4441-AE13-4096AEE12AB8}.Release|Any CPU.Build.0 = Release|Any CPU
	EndGlobalSection
	GlobalSection(SolutionProperties) = preSolution
		HideSolutionNode = FALSE
	EndGlobalSection
	GlobalSection(ExtensibilityGlobals) = postSolution
		SolutionGuid = {C9B99A92-1181-41B4-818E-E75436074F4C}
	EndGlobalSection
EndGlobal
