
Microsoft Visual Studio Solution File, Format Version 12.00
# Visual Studio Version 17
VisualStudioVersion = 17.5.33627.172
MinimumVisualStudioVersion = 10.0.40219.1
Project("{FAE04EC0-301F-11D3-BF4B-00C04F79EFBC}") = "Exercícios", "Exercícios\Exercícios.csproj", "{37E2715C-8C0B-4CC9-B247-1C3A3ACA9716}"
EndProject
Global
	GlobalSection(SolutionConfigurationPlatforms) = preSolution
		Debug|Any CPU = Debug|Any CPU
		Release|Any CPU = Release|Any CPU
	EndGlobalSection
	GlobalSection(ProjectConfigurationPlatforms) = postSolution
		{37E2715C-8C0B-4CC9-B247-1C3A3ACA9716}.Debug|Any CPU.ActiveCfg = Debug|Any CPU
		{37E2715C-8C0B-4CC9-B247-1C3A3ACA9716}.Debug|Any CPU.Build.0 = Debug|Any CPU
		{37E2715C-8C0B-4CC9-B247-1C3A3ACA9716}.Release|Any CPU.ActiveCfg = Release|Any CPU
		{37E2715C-8C0B-4CC9-B247-1C3A3ACA9716}.Release|Any CPU.Build.0 = Release|Any CPU
	EndGlobalSection
	GlobalSection(SolutionProperties) = preSolution
		HideSolutionNode = FALSE
	EndGlobalSection
	GlobalSection(ExtensibilityGlobals) = postSolution
		SolutionGuid = {75423147-6810-4218-B16D-B1973154E2BD}
	EndGlobalSection
EndGlobal
